// !$*UTF8*$!
{
	archiveVersion = 1;
	classes = {
	};
	objectVersion = 48;
	objects = {

/* Begin PBXBuildFile section */
		6E2F9AA7206D860E00455395 /* AppDelegate.swift in Sources */ = {isa = PBXBuildFile; fileRef = 6E2F9AA6206D860E00455395 /* AppDelegate.swift */; };
		6E2F9AA9206D860E00455395 /* ViewController.swift in Sources */ = {isa = PBXBuildFile; fileRef = 6E2F9AA8206D860E00455395 /* ViewController.swift */; };
		6E2F9AAC206D860E00455395 /* Main.storyboard in Resources */ = {isa = PBXBuildFile; fileRef = 6E2F9AAA206D860E00455395 /* Main.storyboard */; };
		6E2F9AAE206D860E00455395 /* Assets.xcassets in Resources */ = {isa = PBXBuildFile; fileRef = 6E2F9AAD206D860E00455395 /* Assets.xcassets */; };
		6E2F9AB1206D860E00455395 /* LaunchScreen.storyboard in Resources */ = {isa = PBXBuildFile; fileRef = 6E2F9AAF206D860E00455395 /* LaunchScreen.storyboard */; };
		6E2F9AB9206D8CFA00455395 /* CollectionViewController.swift in Sources */ = {isa = PBXBuildFile; fileRef = 6E2F9AB8206D8CFA00455395 /* CollectionViewController.swift */; };
		6E2F9ABB206D907700455395 /* CollectionViewCell.swift in Sources */ = {isa = PBXBuildFile; fileRef = 6E2F9ABA206D907700455395 /* CollectionViewCell.swift */; };
		6E2F9ABD206D944100455395 /* UrlList.swift in Sources */ = {isa = PBXBuildFile; fileRef = 6E2F9ABC206D944100455395 /* UrlList.swift */; };
		6EC316DB206E73DB00A5BBBE /* ScrollViewController.swift in Sources */ = {isa = PBXBuildFile; fileRef = 6EC316DA206E73DB00A5BBBE /* ScrollViewController.swift */; };
/* End PBXBuildFile section */

/* Begin PBXFileReference section */
		6E2F9AA3206D860E00455395 /* D03.app */ = {isa = PBXFileReference; explicitFileType = wrapper.application; includeInIndex = 0; path = D03.app; sourceTree = BUILT_PRODUCTS_DIR; };
		6E2F9AA6206D860E00455395 /* AppDelegate.swift */ = {isa = PBXFileReference; lastKnownFileType = sourcecode.swift; path = AppDelegate.swift; sourceTree = "<group>"; };
		6E2F9AA8206D860E00455395 /* ViewController.swift */ = {isa = PBXFileReference; lastKnownFileType = sourcecode.swift; path = ViewController.swift; sourceTree = "<group>"; };
		6E2F9AAB206D860E00455395 /* Base */ = {isa = PBXFileReference; lastKnownFileType = file.storyboard; name = Base; path = Base.lproj/Main.storyboard; sourceTree = "<group>"; };
		6E2F9AAD206D860E00455395 /* Assets.xcassets */ = {isa = PBXFileReference; lastKnownFileType = folder.assetcatalog; path = Assets.xcassets; sourceTree = "<group>"; };
		6E2F9AB0206D860E00455395 /* Base */ = {isa = PBXFileReference; lastKnownFileType = file.storyboard; name = Base; path = Base.lproj/LaunchScreen.storyboard; sourceTree = "<group>"; };
		6E2F9AB2206D860E00455395 /* Info.plist */ = {isa = PBXFileReference; lastKnownFileType = text.plist.xml; path = Info.plist; sourceTree = "<group>"; };
		6E2F9AB8206D8CFA00455395 /* CollectionViewController.swift */ = {isa = PBXFileReference; lastKnownFileType = sourcecode.swift; path = CollectionViewController.swift; sourceTree = "<group>"; };
		6E2F9ABA206D907700455395 /* CollectionViewCell.swift */ = {isa = PBXFileReference; lastKnownFileType = sourcecode.swift; path = CollectionViewCell.swift; sourceTree = "<group>"; };
		6E2F9ABC206D944100455395 /* UrlList.swift */ = {isa = PBXFileReference; lastKnownFileType = sourcecode.swift; path = UrlList.swift; sourceTree = "<group>"; };
		6EC316DA206E73DB00A5BBBE /* ScrollViewController.swift */ = {isa = PBXFileReference; lastKnownFileType = sourcecode.swift; path = ScrollViewController.swift; sourceTree = "<group>"; };
/* End PBXFileReference section */

/* Begin PBXFrameworksBuildPhase section */
		6E2F9AA0206D860E00455395 /* Frameworks */ = {
			isa = PBXFrameworksBuildPhase;
			buildActionMask = 2147483647;
			files = (
			);
			runOnlyForDeploymentPostprocessing = 0;
		};
/* End PBXFrameworksBuildPhase section */

/* Begin PBXGroup section */
		6E2F9A9A206D860D00455395 = {
			isa = PBXGroup;
			children = (
				6E2F9AA5206D860E00455395 /* D03 */,
				6E2F9AA4206D860E00455395 /* Products */,
			);
			sourceTree = "<group>";
		};
		6E2F9AA4206D860E00455395 /* Products */ = {
			isa = PBXGroup;
			children = (
				6E2F9AA3206D860E00455395 /* D03.app */,
			);
			name = Products;
			sourceTree = "<group>";
		};
		6E2F9AA5206D860E00455395 /* D03 */ = {
			isa = PBXGroup;
			children = (
				6E2F9AA6206D860E00455395 /* AppDelegate.swift */,
				6E2F9AA8206D860E00455395 /* ViewController.swift */,
				6E2F9AB8206D8CFA00455395 /* CollectionViewController.swift */,
				6E2F9ABA206D907700455395 /* CollectionViewCell.swift */,
				6EC316DA206E73DB00A5BBBE /* ScrollViewController.swift */,
				6E2F9ABC206D944100455395 /* UrlList.swift */,
				6E2F9AAA206D860E00455395 /* Main.storyboard */,
				6E2F9AAD206D860E00455395 /* Assets.xcassets */,
				6E2F9AAF206D860E00455395 /* LaunchScreen.storyboard */,
				6E2F9AB2206D860E00455395 /* Info.plist */,
			);
			path = D03;
			sourceTree = "<group>";
		};
/* End PBXGroup section */

/* Begin PBXNativeTarget section */
		6E2F9AA2206D860E00455395 /* D03 */ = {
			isa = PBXNativeTarget;
			buildConfigurationList = 6E2F9AB5206D860E00455395 /* Build configuration list for PBXNativeTarget "D03" */;
			buildPhases = (
				6E2F9A9F206D860E00455395 /* Sources */,
				6E2F9AA0206D860E00455395 /* Frameworks */,
				6E2F9AA1206D860E00455395 /* Resources */,
			);
			buildRules = (
			);
			dependencies = (
			);
			name = D03;
			productName = D03;
			productReference = 6E2F9AA3206D860E00455395 /* D03.app */;
			productType = "com.apple.product-type.application";
		};
/* End PBXNativeTarget section */

/* Begin PBXProject section */
		6E2F9A9B206D860D00455395 /* Project object */ = {
			isa = PBXProject;
			attributes = {
				LastSwiftUpdateCheck = 0920;
				LastUpgradeCheck = 0920;
				ORGANIZATIONNAME = "Arthur DUBEDAT";
				TargetAttributes = {
					6E2F9AA2206D860E00455395 = {
						CreatedOnToolsVersion = 9.2;
						ProvisioningStyle = Automatic;
					};
				};
			};
			buildConfigurationList = 6E2F9A9E206D860D00455395 /* Build configuration list for PBXProject "D03" */;
			compatibilityVersion = "Xcode 8.0";
			developmentRegion = en;
			hasScannedForEncodings = 0;
			knownRegions = (
				en,
				Base,
			);
			mainGroup = 6E2F9A9A206D860D00455395;
			productRefGroup = 6E2F9AA4206D860E00455395 /* Products */;
			projectDirPath = "";
			projectRoot = "";
			targets = (
				6E2F9AA2206D860E00455395 /* D03 */,
			);
		};
/* End PBXProject section */

/* Begin PBXResourcesBuildPhase section */
		6E2F9AA1206D860E00455395 /* Resources */ = {
			isa = PBXResourcesBuildPhase;
			buildActionMask = 2147483647;
			files = (
				6E2F9AB1206D860E00455395 /* LaunchScreen.storyboard in Resources */,
				6E2F9AAE206D860E00455395 /* Assets.xcassets in Resources */,
				6E2F9AAC206D860E00455395 /* Main.storyboard in Resources */,
			);
			runOnlyForDeploymentPostprocessing = 0;
		};
/* End PBXResourcesBuildPhase section */

/* Begin PBXSourcesBuildPhase section */
		6E2F9A9F206D860E00455395 /* Sources */ = {
			isa = PBXSourcesBuildPhase;
			buildActionMask = 2147483647;
			files = (
				6E2F9AB9206D8CFA00455395 /* CollectionViewController.swift in Sources */,
				6EC316DB206E73DB00A5BBBE /* ScrollViewController.swift in Sources */,
				6E2F9ABD206D944100455395 /* UrlList.swift in Sources */,
				6E2F9AA9206D860E00455395 /* ViewController.swift in Sources */,
				6E2F9ABB206D907700455395 /* CollectionViewCell.swift in Sources */,
				6E2F9AA7206D860E00455395 /* AppDelegate.swift in Sources */,
			);
			runOnlyForDeploymentPostprocessing = 0;
		};
/* End PBXSourcesBuildPhase section */

/* Begin PBXVariantGroup section */
		6E2F9AAA206D860E00455395 /* Main.storyboard */ = {
			isa = PBXVariantGroup;
			children = (
				6E2F9AAB206D860E00455395 /* Base */,
			);
			name = Main.storyboard;
			sourceTree = "<group>";
		};
		6E2F9AAF206D860E00455395 /* LaunchScreen.storyboard */ = {
			isa = PBXVariantGroup;
			children = (
				6E2F9AB0206D860E00455395 /* Base */,
			);
			name = LaunchScreen.storyboard;
			sourceTree = "<group>";
		};
/* End PBXVariantGroup section */

/* Begin XCBuildConfiguration section */
		6E2F9AB3206D860E00455395 /* Debug */ = {
			isa = XCBuildConfiguration;
			buildSettings = {
				ALWAYS_SEARCH_USER_PATHS = NO;
				CLANG_ANALYZER_NONNULL = YES;
				CLANG_ANALYZER_NUMBER_OBJECT_CONVERSION = YES_AGGRESSIVE;
				CLANG_CXX_LANGUAGE_STANDARD = "gnu++14";
				CLANG_CXX_LIBRARY = "libc++";
				CLANG_ENABLE_MODULES = YES;
				CLANG_ENABLE_OBJC_ARC = YES;
				CLANG_WARN_BLOCK_CAPTURE_AUTORELEASING = YES;
				CLANG_WARN_BOOL_CONVERSION = YES;
				CLANG_WARN_COMMA = YES;
				CLANG_WARN_CONSTANT_CONVERSION = YES;
				CLANG_WARN_DIRECT_OBJC_ISA_USAGE = YES_ERROR;
				CLANG_WARN_DOCUMENTATION_COMMENTS = YES;
				CLANG_WARN_EMPTY_BODY = YES;
				CLANG_WARN_ENUM_CONVERSION = YES;
				CLANG_WARN_INFINITE_RECURSION = YES;
				CLANG_WARN_INT_CONVERSION = YES;
				CLANG_WARN_NON_LITERAL_NULL_CONVERSION = YES;
				CLANG_WARN_OBJC_LITERAL_CONVERSION = YES;
				CLANG_WARN_OBJC_ROOT_CLASS = YES_ERROR;
				CLANG_WARN_RANGE_LOOP_ANALYSIS = YES;
				CLANG_WARN_STRICT_PROTOTYPES = YES;
				CLANG_WARN_SUSPICIOUS_MOVE = YES;
				CLANG_WARN_UNGUARDED_AVAILABILITY = YES_AGGRESSIVE;
				CLANG_WARN_UNREACHABLE_CODE = YES;
				CLANG_WARN__DUPLICATE_METHOD_MATCH = YES;
				CODE_SIGN_IDENTITY = "iPhone Developer";
				COPY_PHASE_STRIP = NO;
				DEBUG_INFORMATION_FORMAT = dwarf;
				ENABLE_STRICT_OBJC_MSGSEND = YES;
				ENABLE_TESTABILITY = YES;
				GCC_C_LANGUAGE_STANDARD = gnu11;
				GCC_DYNAMIC_NO_PIC = NO;
				GCC_NO_COMMON_BLOCKS = YES;
				GCC_OPTIMIZATION_LEVEL = 0;
				GCC_PREPROCESSOR_DEFINITIONS = (
					"DEBUG=1",
					"$(inherited)",
				);
				GCC_WARN_64_TO_32_BIT_CONVERSION = YES;
				GCC_WARN_ABOUT_RETURN_TYPE = YES_ERROR;
				GCC_WARN_UNDECLARED_SELECTOR = YES;
				GCC_WARN_UNINITIALIZED_AUTOS = YES_AGGRESSIVE;
				GCC_WARN_UNUSED_FUNCTION = YES;
				GCC_WARN_UNUSED_VARIABLE = YES;
				IPHONEOS_DEPLOYMENT_TARGET = 11.2;
				MTL_ENABLE_DEBUG_INFO = YES;
				ONLY_ACTIVE_ARCH = YES;
				SDKROOT = iphoneos;
				SWIFT_ACTIVE_COMPILATION_CONDITIONS = DEBUG;
				SWIFT_OPTIMIZATION_LEVEL = "-Onone";
			};
			name = Debug;
		};
		6E2F9AB4206D860E00455395 /* Release */ = {
			isa = XCBuildConfiguration;
			buildSettings = {
				ALWAYS_SEARCH_USER_PATHS = NO;
				CLANG_ANALYZER_NONNULL = YES;
				CLANG_ANALYZER_NUMBER_OBJECT_CONVERSION = YES_AGGRESSIVE;
				CLANG_CXX_LANGUAGE_STANDARD = "gnu++14";
				CLANG_CXX_LIBRARY = "libc++";
				CLANG_ENABLE_MODULES = YES;
				CLANG_ENABLE_OBJC_ARC = YES;
				CLANG_WARN_BLOCK_CAPTURE_AUTORELEASING = YES;
				CLANG_WARN_BOOL_CONVERSION = YES;
				CLANG_WARN_COMMA = YES;
				CLANG_WARN_CONSTANT_CONVERSION = YES;
				CLANG_WARN_DIRECT_OBJC_ISA_USAGE = YES_ERROR;
				CLANG_WARN_DOCUMENTATION_COMMENTS = YES;
				CLANG_WARN_EMPTY_BODY = YES;
				CLANG_WARN_ENUM_CONVERSION = YES;
				CLANG_WARN_INFINITE_RECURSION = YES;
				CLANG_WARN_INT_CONVERSION = YES;
				CLANG_WARN_NON_LITERAL_NULL_CONVERSION = YES;
				CLANG_WARN_OBJC_LITERAL_CONVERSION = YES;
				CLANG_WARN_OBJC_ROOT_CLASS = YES_ERROR;
				CLANG_WARN_RANGE_LOOP_ANALYSIS = YES;
				CLANG_WARN_STRICT_PROTOTYPES = YES;
				CLANG_WARN_SUSPICIOUS_MOVE = YES;
				CLANG_WARN_UNGUARDED_AVAILABILITY = YES_AGGRESSIVE;
				CLANG_WARN_UNREACHABLE_CODE = YES;
				CLANG_WARN__DUPLICATE_METHOD_MATCH = YES;
				CODE_SIGN_IDENTITY = "iPhone Developer";
				COPY_PHASE_STRIP = NO;
				DEBUG_INFORMATION_FORMAT = "dwarf-with-dsym";
				ENABLE_NS_ASSERTIONS = NO;
				ENABLE_STRICT_OBJC_MSGSEND = YES;
				GCC_C_LANGUAGE_STANDARD = gnu11;
				GCC_NO_COMMON_BLOCKS = YES;
				GCC_WARN_64_TO_32_BIT_CONVERSION = YES;
				GCC_WARN_ABOUT_RETURN_TYPE = YES_ERROR;
				GCC_WARN_UNDECLARED_SELECTOR = YES;
				GCC_WARN_UNINITIALIZED_AUTOS = YES_AGGRESSIVE;
				GCC_WARN_UNUSED_FUNCTION = YES;
				GCC_WARN_UNUSED_VARIABLE = YES;
				IPHONEOS_DEPLOYMENT_TARGET = 11.2;
				MTL_ENABLE_DEBUG_INFO = NO;
				SDKROOT = iphoneos;
				SWIFT_OPTIMIZATION_LEVEL = "-Owholemodule";
				VALIDATE_PRODUCT = YES;
			};
			name = Release;
		};
		6E2F9AB6206D860E00455395 /* Debug */ = {
			isa = XCBuildConfiguration;
			buildSettings = {
				ASSETCATALOG_COMPILER_APPICON_NAME = AppIcon;
				CODE_SIGN_STYLE = Automatic;
				INFOPLIST_FILE = D03/Info.plist;
				LD_RUNPATH_SEARCH_PATHS = "$(inherited) @executable_path/Frameworks";
				PRODUCT_BUNDLE_IDENTIFIER = adubedat.D03;
				PRODUCT_NAME = "$(TARGET_NAME)";
				SWIFT_VERSION = 4.0;
				TARGETED_DEVICE_FAMILY = "1,2";
			};
			name = Debug;
		};
		6E2F9AB7206D860E00455395 /* Release */ = {
			isa = XCBuildConfiguration;
			buildSettings = {
				ASSETCATALOG_COMPILER_APPICON_NAME = AppIcon;
				CODE_SIGN_STYLE = Automatic;
				INFOPLIST_FILE = D03/Info.plist;
				LD_RUNPATH_SEARCH_PATHS = "$(inherited) @executable_path/Frameworks";
				PRODUCT_BUNDLE_IDENTIFIER = adubedat.D03;
				PRODUCT_NAME = "$(TARGET_NAME)";
				SWIFT_VERSION = 4.0;
				TARGETED_DEVICE_FAMILY = "1,2";
			};
			name = Release;
		};
/* End XCBuildConfiguration section */

/* Begin XCConfigurationList section */
		6E2F9A9E206D860D00455395 /* Build configuration list for PBXProject "D03" */ = {
			isa = XCConfigurationList;
			buildConfigurations = (
				6E2F9AB3206D860E00455395 /* Debug */,
				6E2F9AB4206D860E00455395 /* Release */,
			);
			defaultConfigurationIsVisible = 0;
			defaultConfigurationName = Release;
		};
		6E2F9AB5206D860E00455395 /* Build configuration list for PBXNativeTarget "D03" */ = {
			isa = XCConfigurationList;
			buildConfigurations = (
				6E2F9AB6206D860E00455395 /* Debug */,
				6E2F9AB7206D860E00455395 /* Release */,
			);
			defaultConfigurationIsVisible = 0;
			defaultConfigurationName = Release;
		};
/* End XCConfigurationList section */
	};
	rootObject = 6E2F9A9B206D860D00455395 /* Project object */;
}
